// !$*UTF8*$!
{
	archiveVersion = 1;
	classes = {
	};
	objectVersion = 51;
	objects = {

/* Begin PBXBuildFile section */
		2A9E56014A46C9F8F98A2F4C /* Pods_0066.framework in Frameworks */ = {isa = PBXBuildFile; fileRef = 7E8D1C9D8F91CC594257DB56 /* Pods_0066.framework */; };
		8FEA2032230EC44600A4B97C /* AppDelegate.swift in Sources */ = {isa = PBXBuildFile; fileRef = 8FEA2031230EC44600A4B97C /* AppDelegate.swift */; };
		8FEA2037230EC44600A4B97C /* Main.storyboard in Resources */ = {isa = PBXBuildFile; fileRef = 8FEA2035230EC44600A4B97C /* Main.storyboard */; };
		8FEA203A230EC44600A4B97C /* _066.xcdatamodeld in Sources */ = {isa = PBXBuildFile; fileRef = 8FEA2038230EC44600A4B97C /* _066.xcdatamodeld */; };
		8FEA203C230EC44700A4B97C /* Assets.xcassets in Resources */ = {isa = PBXBuildFile; fileRef = 8FEA203B230EC44700A4B97C /* Assets.xcassets */; };
		8FEA203F230EC44700A4B97C /* LaunchScreen.storyboard in Resources */ = {isa = PBXBuildFile; fileRef = 8FEA203D230EC44700A4B97C /* LaunchScreen.storyboard */; };
		8FEA2048230EC48A00A4B97C /* TopViewController.swift in Sources */ = {isa = PBXBuildFile; fileRef = 8FEA2046230EC48A00A4B97C /* TopViewController.swift */; };
		8FEA2049230EC48A00A4B97C /* TopViewController.xib in Resources */ = {isa = PBXBuildFile; fileRef = 8FEA2047230EC48A00A4B97C /* TopViewController.xib */; };
		8FEA204C230EC4AC00A4B97C /* TopMainView.swift in Sources */ = {isa = PBXBuildFile; fileRef = 8FEA204A230EC4AC00A4B97C /* TopMainView.swift */; };
		8FEA204D230EC4AC00A4B97C /* TopMainView.xib in Resources */ = {isa = PBXBuildFile; fileRef = 8FEA204B230EC4AC00A4B97C /* TopMainView.xib */; };
		8FEA2050230EC52C00A4B97C /* TopMainTableViewCell.swift in Sources */ = {isa = PBXBuildFile; fileRef = 8FEA204E230EC52C00A4B97C /* TopMainTableViewCell.swift */; };
		8FEA2051230EC52C00A4B97C /* TopMainTableViewCell.xib in Resources */ = {isa = PBXBuildFile; fileRef = 8FEA204F230EC52C00A4B97C /* TopMainTableViewCell.xib */; };
/* End PBXBuildFile section */

/* Begin PBXFileReference section */
		7E8D1C9D8F91CC594257DB56 /* Pods_0066.framework */ = {isa = PBXFileReference; explicitFileType = wrapper.framework; includeInIndex = 0; path = Pods_0066.framework; sourceTree = BUILT_PRODUCTS_DIR; };
		7FC620B367B41DCBBC88F7BD /* Pods-0066.debug.xcconfig */ = {isa = PBXFileReference; includeInIndex = 1; lastKnownFileType = text.xcconfig; name = "Pods-0066.debug.xcconfig"; path = "Target Support Files/Pods-0066/Pods-0066.debug.xcconfig"; sourceTree = "<group>"; };
		8FEA202E230EC44600A4B97C /* 0066.app */ = {isa = PBXFileReference; explicitFileType = wrapper.application; includeInIndex = 0; path = 0066.app; sourceTree = BUILT_PRODUCTS_DIR; };
		8FEA2031230EC44600A4B97C /* AppDelegate.swift */ = {isa = PBXFileReference; lastKnownFileType = sourcecode.swift; path = AppDelegate.swift; sourceTree = "<group>"; };
		8FEA2036230EC44600A4B97C /* Base */ = {isa = PBXFileReference; lastKnownFileType = file.storyboard; name = Base; path = Base.lproj/Main.storyboard; sourceTree = "<group>"; };
		8FEA2039230EC44600A4B97C /* _066.xcdatamodel */ = {isa = PBXFileReference; lastKnownFileType = wrapper.xcdatamodel; path = _066.xcdatamodel; sourceTree = "<group>"; };
		8FEA203B230EC44700A4B97C /* Assets.xcassets */ = {isa = PBXFileReference; lastKnownFileType = folder.assetcatalog; path = Assets.xcassets; sourceTree = "<group>"; };
		8FEA203E230EC44700A4B97C /* Base */ = {isa = PBXFileReference; lastKnownFileType = file.storyboard; name = Base; path = Base.lproj/LaunchScreen.storyboard; sourceTree = "<group>"; };
		8FEA2040230EC44700A4B97C /* Info.plist */ = {isa = PBXFileReference; lastKnownFileType = text.plist.xml; path = Info.plist; sourceTree = "<group>"; };
		8FEA2046230EC48A00A4B97C /* TopViewController.swift */ = {isa = PBXFileReference; lastKnownFileType = sourcecode.swift; path = TopViewController.swift; sourceTree = "<group>"; };
		8FEA2047230EC48A00A4B97C /* TopViewController.xib */ = {isa = PBXFileReference; lastKnownFileType = file.xib; path = TopViewController.xib; sourceTree = "<group>"; };
		8FEA204A230EC4AC00A4B97C /* TopMainView.swift */ = {isa = PBXFileReference; lastKnownFileType = sourcecode.swift; path = TopMainView.swift; sourceTree = "<group>"; };
		8FEA204B230EC4AC00A4B97C /* TopMainView.xib */ = {isa = PBXFileReference; lastKnownFileType = file.xib; path = TopMainView.xib; sourceTree = "<group>"; };
		8FEA204E230EC52C00A4B97C /* TopMainTableViewCell.swift */ = {isa = PBXFileReference; lastKnownFileType = sourcecode.swift; path = TopMainTableViewCell.swift; sourceTree = "<group>"; };
		8FEA204F230EC52C00A4B97C /* TopMainTableViewCell.xib */ = {isa = PBXFileReference; lastKnownFileType = file.xib; path = TopMainTableViewCell.xib; sourceTree = "<group>"; };
		A575F85347B82D909979D80D /* Pods-0066.release.xcconfig */ = {isa = PBXFileReference; includeInIndex = 1; lastKnownFileType = text.xcconfig; name = "Pods-0066.release.xcconfig"; path = "Target Support Files/Pods-0066/Pods-0066.release.xcconfig"; sourceTree = "<group>"; };
/* End PBXFileReference section */

/* Begin PBXFrameworksBuildPhase section */
		8FEA202B230EC44600A4B97C /* Frameworks */ = {
			isa = PBXFrameworksBuildPhase;
			buildActionMask = 2147483647;
			files = (
				2A9E56014A46C9F8F98A2F4C /* Pods_0066.framework in Frameworks */,
			);
			runOnlyForDeploymentPostprocessing = 0;
		};
/* End PBXFrameworksBuildPhase section */

/* Begin PBXGroup section */
		8805D438DC7A565F94AB2B85 /* Pods */ = {
			isa = PBXGroup;
			children = (
				7FC620B367B41DCBBC88F7BD /* Pods-0066.debug.xcconfig */,
				A575F85347B82D909979D80D /* Pods-0066.release.xcconfig */,
			);
			path = Pods;
			sourceTree = "<group>";
		};
		8FEA2025230EC44600A4B97C = {
			isa = PBXGroup;
			children = (
				8FEA2030230EC44600A4B97C /* 0066 */,
				8FEA202F230EC44600A4B97C /* Products */,
				8805D438DC7A565F94AB2B85 /* Pods */,
				BA7A1C5D9F950E7E6E478CB7 /* Frameworks */,
			);
			sourceTree = "<group>";
		};
		8FEA202F230EC44600A4B97C /* Products */ = {
			isa = PBXGroup;
			children = (
				8FEA202E230EC44600A4B97C /* 0066.app */,
			);
			name = Products;
			sourceTree = "<group>";
		};
		8FEA2030230EC44600A4B97C /* 0066 */ = {
			isa = PBXGroup;
			children = (
				8FEA2031230EC44600A4B97C /* AppDelegate.swift */,
				8FEA2035230EC44600A4B97C /* Main.storyboard */,
				8FEA203B230EC44700A4B97C /* Assets.xcassets */,
				8FEA203D230EC44700A4B97C /* LaunchScreen.storyboard */,
				8FEA2040230EC44700A4B97C /* Info.plist */,
				8FEA2038230EC44600A4B97C /* _066.xcdatamodeld */,
				8FEA2046230EC48A00A4B97C /* TopViewController.swift */,
				8FEA2047230EC48A00A4B97C /* TopViewController.xib */,
				8FEA204A230EC4AC00A4B97C /* TopMainView.swift */,
				8FEA204B230EC4AC00A4B97C /* TopMainView.xib */,
				8FEA204E230EC52C00A4B97C /* TopMainTableViewCell.swift */,
				8FEA204F230EC52C00A4B97C /* TopMainTableViewCell.xib */,
			);
			path = 0066;
			sourceTree = "<group>";
		};
		BA7A1C5D9F950E7E6E478CB7 /* Frameworks */ = {
			isa = PBXGroup;
			children = (
				7E8D1C9D8F91CC594257DB56 /* Pods_0066.framework */,
			);
			name = Frameworks;
			sourceTree = "<group>";
		};
/* End PBXGroup section */

/* Begin PBXNativeTarget section */
		8FEA202D230EC44600A4B97C /* 0066 */ = {
			isa = PBXNativeTarget;
			buildConfigurationList = 8FEA2043230EC44700A4B97C /* Build configuration list for PBXNativeTarget "0066" */;
			buildPhases = (
				E01C6677394C75D12A1883E1 /* [CP] Check Pods Manifest.lock */,
				8FEA202A230EC44600A4B97C /* Sources */,
				8FEA202B230EC44600A4B97C /* Frameworks */,
				8FEA202C230EC44600A4B97C /* Resources */,
				F61AF54796E1AC90A1960517 /* [CP] Embed Pods Frameworks */,
			);
			buildRules = (
			);
			dependencies = (
			);
			name = 0066;
			productName = 0066;
			productReference = 8FEA202E230EC44600A4B97C /* 0066.app */;
			productType = "com.apple.product-type.application";
		};
/* End PBXNativeTarget section */

/* Begin PBXProject section */
		8FEA2026230EC44600A4B97C /* Project object */ = {
			isa = PBXProject;
			attributes = {
				LastSwiftUpdateCheck = 1030;
				LastUpgradeCheck = 1030;
				ORGANIZATIONNAME = "典昭酒井";
				TargetAttributes = {
					8FEA202D230EC44600A4B97C = {
						CreatedOnToolsVersion = 10.3;
					};
				};
			};
			buildConfigurationList = 8FEA2029230EC44600A4B97C /* Build configuration list for PBXProject "0066" */;
			compatibilityVersion = "Xcode 9.3";
			developmentRegion = en;
			hasScannedForEncodings = 0;
			knownRegions = (
				en,
				Base,
			);
			mainGroup = 8FEA2025230EC44600A4B97C;
			productRefGroup = 8FEA202F230EC44600A4B97C /* Products */;
			projectDirPath = "";
			projectRoot = "";
			targets = (
				8FEA202D230EC44600A4B97C /* 0066 */,
			);
		};
/* End PBXProject section */

/* Begin PBXResourcesBuildPhase section */
		8FEA202C230EC44600A4B97C /* Resources */ = {
			isa = PBXResourcesBuildPhase;
			buildActionMask = 2147483647;
			files = (
				8FEA204D230EC4AC00A4B97C /* TopMainView.xib in Resources */,
				8FEA2049230EC48A00A4B97C /* TopViewController.xib in Resources */,
				8FEA203F230EC44700A4B97C /* LaunchScreen.storyboard in Resources */,
				8FEA203C230EC44700A4B97C /* Assets.xcassets in Resources */,
				8FEA2051230EC52C00A4B97C /* TopMainTableViewCell.xib in Resources */,
				8FEA2037230EC44600A4B97C /* Main.storyboard in Resources */,
			);
			runOnlyForDeploymentPostprocessing = 0;
		};
/* End PBXResourcesBuildPhase section */

/* Begin PBXShellScriptBuildPhase section */
		E01C6677394C75D12A1883E1 /* [CP] Check Pods Manifest.lock */ = {
			isa = PBXShellScriptBuildPhase;
			buildActionMask = 2147483647;
			files = (
			);
			inputFileListPaths = (
			);
			inputPaths = (
				"${PODS_PODFILE_DIR_PATH}/Podfile.lock",
				"${PODS_ROOT}/Manifest.lock",
			);
			name = "[CP] Check Pods Manifest.lock";
			outputFileListPaths = (
			);
			outputPaths = (
				"$(DERIVED_FILE_DIR)/Pods-0066-checkManifestLockResult.txt",
			);
			runOnlyForDeploymentPostprocessing = 0;
			shellPath = /bin/sh;
			shellScript = "diff \"${PODS_PODFILE_DIR_PATH}/Podfile.lock\" \"${PODS_ROOT}/Manifest.lock\" > /dev/null\nif [ $? != 0 ] ; then\n    # print error to STDERR\n    echo \"error: The sandbox is not in sync with the Podfile.lock. Run 'pod install' or update your CocoaPods installation.\" >&2\n    exit 1\nfi\n# This output is used by Xcode 'outputs' to avoid re-running this script phase.\necho \"SUCCESS\" > \"${SCRIPT_OUTPUT_FILE_0}\"\n";
			showEnvVarsInLog = 0;
		};
		F61AF54796E1AC90A1960517 /* [CP] Embed Pods Frameworks */ = {
			isa = PBXShellScriptBuildPhase;
			buildActionMask = 2147483647;
			files = (
			);
			inputFileListPaths = (
				"${PODS_ROOT}/Target Support Files/Pods-0066/Pods-0066-frameworks-${CONFIGURATION}-input-files.xcfilelist",
			);
			name = "[CP] Embed Pods Frameworks";
			outputFileListPaths = (
				"${PODS_ROOT}/Target Support Files/Pods-0066/Pods-0066-frameworks-${CONFIGURATION}-output-files.xcfilelist",
			);
			runOnlyForDeploymentPostprocessing = 0;
			shellPath = /bin/sh;
			shellScript = "\"${PODS_ROOT}/Target Support Files/Pods-0066/Pods-0066-frameworks.sh\"\n";
			showEnvVarsInLog = 0;
		};
/* End PBXShellScriptBuildPhase section */

/* Begin PBXSourcesBuildPhase section */
		8FEA202A230EC44600A4B97C /* Sources */ = {
			isa = PBXSourcesBuildPhase;
			buildActionMask = 2147483647;
			files = (
				8FEA2050230EC52C00A4B97C /* TopMainTableViewCell.swift in Sources */,
				8FEA2048230EC48A00A4B97C /* TopViewController.swift in Sources */,
				8FEA203A230EC44600A4B97C /* _066.xcdatamodeld in Sources */,
				8FEA2032230EC44600A4B97C /* AppDelegate.swift in Sources */,
				8FEA204C230EC4AC00A4B97C /* TopMainView.swift in Sources */,
			);
			runOnlyForDeploymentPostprocessing = 0;
		};
/* End PBXSourcesBuildPhase section */

/* Begin PBXVariantGroup section */
		8FEA2035230EC44600A4B97C /* Main.storyboard */ = {
			isa = PBXVariantGroup;
			children = (
				8FEA2036230EC44600A4B97C /* Base */,
			);
			name = Main.storyboard;
			sourceTree = "<group>";
		};
		8FEA203D230EC44700A4B97C /* LaunchScreen.storyboard */ = {
			isa = PBXVariantGroup;
			children = (
				8FEA203E230EC44700A4B97C /* Base */,
			);
			name = LaunchScreen.storyboard;
			sourceTree = "<group>";
		};
/* End PBXVariantGroup section */

/* Begin XCBuildConfiguration section */
		8FEA2041230EC44700A4B97C /* Debug */ = {
			isa = XCBuildConfiguration;
			buildSettings = {
				ALWAYS_SEARCH_USER_PATHS = NO;
				CLANG_ANALYZER_NONNULL = YES;
				CLANG_ANALYZER_NUMBER_OBJECT_CONVERSION = YES_AGGRESSIVE;
				CLANG_CXX_LANGUAGE_STANDARD = "gnu++14";
				CLANG_CXX_LIBRARY = "libc++";
				CLANG_ENABLE_MODULES = YES;
				CLANG_ENABLE_OBJC_ARC = YES;
				CLANG_ENABLE_OBJC_WEAK = YES;
				CLANG_WARN_BLOCK_CAPTURE_AUTORELEASING = YES;
				CLANG_WARN_BOOL_CONVERSION = YES;
				CLANG_WARN_COMMA = YES;
				CLANG_WARN_CONSTANT_CONVERSION = YES;
				CLANG_WARN_DEPRECATED_OBJC_IMPLEMENTATIONS = YES;
				CLANG_WARN_DIRECT_OBJC_ISA_USAGE = YES_ERROR;
				CLANG_WARN_DOCUMENTATION_COMMENTS = YES;
				CLANG_WARN_EMPTY_BODY = YES;
				CLANG_WARN_ENUM_CONVERSION = YES;
				CLANG_WARN_INFINITE_RECURSION = YES;
				CLANG_WARN_INT_CONVERSION = YES;
				CLANG_WARN_NON_LITERAL_NULL_CONVERSION = YES;
				CLANG_WARN_OBJC_IMPLICIT_RETAIN_SELF = YES;
				CLANG_WARN_OBJC_LITERAL_CONVERSION = YES;
				CLANG_WARN_OBJC_ROOT_CLASS = YES_ERROR;
				CLANG_WARN_RANGE_LOOP_ANALYSIS = YES;
				CLANG_WARN_STRICT_PROTOTYPES = YES;
				CLANG_WARN_SUSPICIOUS_MOVE = YES;
				CLANG_WARN_UNGUARDED_AVAILABILITY = YES_AGGRESSIVE;
				CLANG_WARN_UNREACHABLE_CODE = YES;
				CLANG_WARN__DUPLICATE_METHOD_MATCH = YES;
				CODE_SIGN_IDENTITY = "iPhone Developer";
				COPY_PHASE_STRIP = NO;
				DEBUG_INFORMATION_FORMAT = dwarf;
				ENABLE_STRICT_OBJC_MSGSEND = YES;
				ENABLE_TESTABILITY = YES;
				GCC_C_LANGUAGE_STANDARD = gnu11;
				GCC_DYNAMIC_NO_PIC = NO;
				GCC_NO_COMMON_BLOCKS = YES;
				GCC_OPTIMIZATION_LEVEL = 0;
				GCC_PREPROCESSOR_DEFINITIONS = (
					"DEBUG=1",
					"$(inherited)",
				);
				GCC_WARN_64_TO_32_BIT_CONVERSION = YES;
				GCC_WARN_ABOUT_RETURN_TYPE = YES_ERROR;
				GCC_WARN_UNDECLARED_SELECTOR = YES;
				GCC_WARN_UNINITIALIZED_AUTOS = YES_AGGRESSIVE;
				GCC_WARN_UNUSED_FUNCTION = YES;
				GCC_WARN_UNUSED_VARIABLE = YES;
				IPHONEOS_DEPLOYMENT_TARGET = 12.4;
				MTL_ENABLE_DEBUG_INFO = INCLUDE_SOURCE;
				MTL_FAST_MATH = YES;
				ONLY_ACTIVE_ARCH = YES;
				SDKROOT = iphoneos;
				SWIFT_ACTIVE_COMPILATION_CONDITIONS = DEBUG;
				SWIFT_OPTIMIZATION_LEVEL = "-Onone";
			};
			name = Debug;
		};
		8FEA2042230EC44700A4B97C /* Release */ = {
			isa = XCBuildConfiguration;
			buildSettings = {
				ALWAYS_SEARCH_USER_PATHS = NO;
				CLANG_ANALYZER_NONNULL = YES;
				CLANG_ANALYZER_NUMBER_OBJECT_CONVERSION = YES_AGGRESSIVE;
				CLANG_CXX_LANGUAGE_STANDARD = "gnu++14";
				CLANG_CXX_LIBRARY = "libc++";
				CLANG_ENABLE_MODULES = YES;
				CLANG_ENABLE_OBJC_ARC = YES;
				CLANG_ENABLE_OBJC_WEAK = YES;
				CLANG_WARN_BLOCK_CAPTURE_AUTORELEASING = YES;
				CLANG_WARN_BOOL_CONVERSION = YES;
				CLANG_WARN_COMMA = YES;
				CLANG_WARN_CONSTANT_CONVERSION = YES;
				CLANG_WARN_DEPRECATED_OBJC_IMPLEMENTATIONS = YES;
				CLANG_WARN_DIRECT_OBJC_ISA_USAGE = YES_ERROR;
				CLANG_WARN_DOCUMENTATION_COMMENTS = YES;
				CLANG_WARN_EMPTY_BODY = YES;
				CLANG_WARN_ENUM_CONVERSION = YES;
				CLANG_WARN_INFINITE_RECURSION = YES;
				CLANG_WARN_INT_CONVERSION = YES;
				CLANG_WARN_NON_LITERAL_NULL_CONVERSION = YES;
				CLANG_WARN_OBJC_IMPLICIT_RETAIN_SELF = YES;
				CLANG_WARN_OBJC_LITERAL_CONVERSION = YES;
				CLANG_WARN_OBJC_ROOT_CLASS = YES_ERROR;
				CLANG_WARN_RANGE_LOOP_ANALYSIS = YES;
				CLANG_WARN_STRICT_PROTOTYPES = YES;
				CLANG_WARN_SUSPICIOUS_MOVE = YES;
				CLANG_WARN_UNGUARDED_AVAILABILITY = YES_AGGRESSIVE;
				CLANG_WARN_UNREACHABLE_CODE = YES;
				CLANG_WARN__DUPLICATE_METHOD_MATCH = YES;
				CODE_SIGN_IDENTITY = "iPhone Developer";
				COPY_PHASE_STRIP = NO;
				DEBUG_INFORMATION_FORMAT = "dwarf-with-dsym";
				ENABLE_NS_ASSERTIONS = NO;
				ENABLE_STRICT_OBJC_MSGSEND = YES;
				GCC_C_LANGUAGE_STANDARD = gnu11;
				GCC_NO_COMMON_BLOCKS = YES;
				GCC_WARN_64_TO_32_BIT_CONVERSION = YES;
				GCC_WARN_ABOUT_RETURN_TYPE = YES_ERROR;
				GCC_WARN_UNDECLARED_SELECTOR = YES;
				GCC_WARN_UNINITIALIZED_AUTOS = YES_AGGRESSIVE;
				GCC_WARN_UNUSED_FUNCTION = YES;
				GCC_WARN_UNUSED_VARIABLE = YES;
				IPHONEOS_DEPLOYMENT_TARGET = 12.4;
				MTL_ENABLE_DEBUG_INFO = NO;
				MTL_FAST_MATH = YES;
				SDKROOT = iphoneos;
				SWIFT_COMPILATION_MODE = wholemodule;
				SWIFT_OPTIMIZATION_LEVEL = "-O";
				VALIDATE_PRODUCT = YES;
			};
			name = Release;
		};
		8FEA2044230EC44700A4B97C /* Debug */ = {
			isa = XCBuildConfiguration;
			baseConfigurationReference = 7FC620B367B41DCBBC88F7BD /* Pods-0066.debug.xcconfig */;
			buildSettings = {
				ASSETCATALOG_COMPILER_APPICON_NAME = AppIcon;
				CODE_SIGN_STYLE = Automatic;
				DEVELOPMENT_TEAM = N42P47XR88;
				INFOPLIST_FILE = 0066/Info.plist;
				LD_RUNPATH_SEARCH_PATHS = (
					"$(inherited)",
					"@executable_path/Frameworks",
				);
				PRODUCT_BUNDLE_IDENTIFIER = "com.nori.-066";
				PRODUCT_NAME = "$(TARGET_NAME)";
				SWIFT_VERSION = 5.0;
				TARGETED_DEVICE_FAMILY = "1,2";
			};
			name = Debug;
		};
		8FEA2045230EC44700A4B97C /* Release */ = {
			isa = XCBuildConfiguration;
			baseConfigurationReference = A575F85347B82D909979D80D /* Pods-0066.release.xcconfig */;
			buildSettings = {
				ASSETCATALOG_COMPILER_APPICON_NAME = AppIcon;
				CODE_SIGN_STYLE = Automatic;
				DEVELOPMENT_TEAM = N42P47XR88;
				INFOPLIST_FILE = 0066/Info.plist;
				LD_RUNPATH_SEARCH_PATHS = (
					"$(inherited)",
					"@executable_path/Frameworks",
				);
				PRODUCT_BUNDLE_IDENTIFIER = "com.nori.-066";
				PRODUCT_NAME = "$(TARGET_NAME)";
				SWIFT_VERSION = 5.0;
				TARGETED_DEVICE_FAMILY = "1,2";
			};
			name = Release;
		};
/* End XCBuildConfiguration section */

/* Begin XCConfigurationList section */
		8FEA2029230EC44600A4B97C /* Build configuration list for PBXProject "0066" */ = {
			isa = XCConfigurationList;
			buildConfigurations = (
				8FEA2041230EC44700A4B97C /* Debug */,
				8FEA2042230EC44700A4B97C /* Release */,
			);
			defaultConfigurationIsVisible = 0;
			defaultConfigurationName = Release;
		};
		8FEA2043230EC44700A4B97C /* Build configuration list for PBXNativeTarget "0066" */ = {
			isa = XCConfigurationList;
			buildConfigurations = (
				8FEA2044230EC44700A4B97C /* Debug */,
				8FEA2045230EC44700A4B97C /* Release */,
			);
			defaultConfigurationIsVisible = 0;
			defaultConfigurationName = Release;
		};
/* End XCConfigurationList section */

/* Begin XCVersionGroup section */
		8FEA2038230EC44600A4B97C /* _066.xcdatamodeld */ = {
			isa = XCVersionGroup;
			children = (
				8FEA2039230EC44600A4B97C /* _066.xcdatamodel */,
			);
			currentVersion = 8FEA2039230EC44600A4B97C /* _066.xcdatamodel */;
			path = _066.xcdatamodeld;
			sourceTree = "<group>";
			versionGroupType = wrapper.xcdatamodel;
		};
/* End XCVersionGroup section */
	};
	rootObject = 8FEA2026230EC44600A4B97C /* Project object */;
}
